
Microsoft Visual Studio Solution File, Format Version 12.00
# Visual Studio Version 16
VisualStudioVersion = 16.0.32106.194
MinimumVisualStudioVersion = 10.0.40219.1
Project("{FAE04EC0-301F-11D3-BF4B-00C04F79EFBC}") = "Easy_Save", "Easy_Save.csproj", "{6F6722AD-E293-49CB-A81E-4DDFD18B923B}"
EndProject
Global
	GlobalSection(SolutionConfigurationPlatforms) = preSolution
		Debug|Any CPU = Debug|Any CPU
		Release|Any CPU = Release|Any CPU
	EndGlobalSection
	GlobalSection(ProjectConfigurationPlatforms) = postSolution
		{6F6722AD-E293-49CB-A81E-4DDFD18B923B}.Debug|Any CPU.ActiveCfg = Debug|Any CPU
		{6F6722AD-E293-49CB-A81E-4DDFD18B923B}.Debug|Any CPU.Build.0 = Debug|Any CPU
		{6F6722AD-E293-49CB-A81E-4DDFD18B923B}.Release|Any CPU.ActiveCfg = Release|Any CPU
		{6F6722AD-E293-49CB-A81E-4DDFD18B923B}.Release|Any CPU.Build.0 = Release|Any CPU
	EndGlobalSection
	GlobalSection(SolutionProperties) = preSolution
		HideSolutionNode = FALSE
	EndGlobalSection
	GlobalSection(ExtensibilityGlobals) = postSolution
		SolutionGuid = {D9E09752-80D6-4BE8-B9A6-0F99D7860415}
	EndGlobalSection
EndGlobal
